// !$*UTF8*$!
{
	archiveVersion = 1;
	classes = {
	};
	objectVersion = 55;
	objects = {

/* Begin PBXBuildFile section */
		011FFDDB28B62C7F00B4E63A /* AspectVGrid.swift in Sources */ = {isa = PBXBuildFile; fileRef = 011FFDDA28B62C7F00B4E63A /* AspectVGrid.swift */; };
		01496E7128A70A6500459DB0 /* MemorizerApp.swift in Sources */ = {isa = PBXBuildFile; fileRef = 01496E7028A70A6500459DB0 /* MemorizerApp.swift */; };
		01496E7328A70A6500459DB0 /* EmojiMemoryGameView.swift in Sources */ = {isa = PBXBuildFile; fileRef = 01496E7228A70A6500459DB0 /* EmojiMemoryGameView.swift */; };
		01496E7528A70A6600459DB0 /* Assets.xcassets in Resources */ = {isa = PBXBuildFile; fileRef = 01496E7428A70A6600459DB0 /* Assets.xcassets */; };
		01496E7828A70A6600459DB0 /* Preview Assets.xcassets in Resources */ = {isa = PBXBuildFile; fileRef = 01496E7728A70A6600459DB0 /* Preview Assets.xcassets */; };
		01496E8128A84CE300459DB0 /* MemoryGame.swift in Sources */ = {isa = PBXBuildFile; fileRef = 01496E8028A84CE300459DB0 /* MemoryGame.swift */; };
		01496E8328A8509900459DB0 /* EmojiMemoryGame.swift in Sources */ = {isa = PBXBuildFile; fileRef = 01496E8228A8509900459DB0 /* EmojiMemoryGame.swift */; };
		018555AD28BB528600B7AF2C /* Pie.swift in Sources */ = {isa = PBXBuildFile; fileRef = 018555AC28BB528600B7AF2C /* Pie.swift */; };
		018555AF28BD1A1300B7AF2C /* Cardify.swift in Sources */ = {isa = PBXBuildFile; fileRef = 018555AE28BD1A1300B7AF2C /* Cardify.swift */; };
/* End PBXBuildFile section */

/* Begin PBXFileReference section */
		011FFDDA28B62C7F00B4E63A /* AspectVGrid.swift */ = {isa = PBXFileReference; lastKnownFileType = sourcecode.swift; path = AspectVGrid.swift; sourceTree = "<group>"; };
		01496E6D28A70A6400459DB0 /* Memorizer.app */ = {isa = PBXFileReference; explicitFileType = wrapper.application; includeInIndex = 0; path = Memorizer.app; sourceTree = BUILT_PRODUCTS_DIR; };
		01496E7028A70A6500459DB0 /* MemorizerApp.swift */ = {isa = PBXFileReference; lastKnownFileType = sourcecode.swift; path = MemorizerApp.swift; sourceTree = "<group>"; };
		01496E7228A70A6500459DB0 /* EmojiMemoryGameView.swift */ = {isa = PBXFileReference; lastKnownFileType = sourcecode.swift; path = EmojiMemoryGameView.swift; sourceTree = "<group>"; };
		01496E7428A70A6600459DB0 /* Assets.xcassets */ = {isa = PBXFileReference; lastKnownFileType = folder.assetcatalog; path = Assets.xcassets; sourceTree = "<group>"; };
		01496E7728A70A6600459DB0 /* Preview Assets.xcassets */ = {isa = PBXFileReference; lastKnownFileType = folder.assetcatalog; path = "Preview Assets.xcassets"; sourceTree = "<group>"; };
		01496E8028A84CE300459DB0 /* MemoryGame.swift */ = {isa = PBXFileReference; lastKnownFileType = sourcecode.swift; path = MemoryGame.swift; sourceTree = "<group>"; };
		01496E8228A8509900459DB0 /* EmojiMemoryGame.swift */ = {isa = PBXFileReference; lastKnownFileType = sourcecode.swift; path = EmojiMemoryGame.swift; sourceTree = "<group>"; };
		018555AC28BB528600B7AF2C /* Pie.swift */ = {isa = PBXFileReference; lastKnownFileType = sourcecode.swift; path = Pie.swift; sourceTree = "<group>"; };
		018555AE28BD1A1300B7AF2C /* Cardify.swift */ = {isa = PBXFileReference; lastKnownFileType = sourcecode.swift; path = Cardify.swift; sourceTree = "<group>"; };
/* End PBXFileReference section */

/* Begin PBXFrameworksBuildPhase section */
		01496E6A28A70A6400459DB0 /* Frameworks */ = {
			isa = PBXFrameworksBuildPhase;
			buildActionMask = 2147483647;
			files = (
			);
			runOnlyForDeploymentPostprocessing = 0;
		};
/* End PBXFrameworksBuildPhase section */

/* Begin PBXGroup section */
		01496E6428A70A6400459DB0 = {
			isa = PBXGroup;
			children = (
				01496E6F28A70A6500459DB0 /* Memorizer */,
				01496E6E28A70A6400459DB0 /* Products */,
			);
			sourceTree = "<group>";
		};
		01496E6E28A70A6400459DB0 /* Products */ = {
			isa = PBXGroup;
			children = (
				01496E6D28A70A6400459DB0 /* Memorizer.app */,
			);
			name = Products;
			sourceTree = "<group>";
		};
		01496E6F28A70A6500459DB0 /* Memorizer */ = {
			isa = PBXGroup;
			children = (
				01496E7028A70A6500459DB0 /* MemorizerApp.swift */,
				01496E7228A70A6500459DB0 /* EmojiMemoryGameView.swift */,
				018555AE28BD1A1300B7AF2C /* Cardify.swift */,
				018555AC28BB528600B7AF2C /* Pie.swift */,
				01496E8028A84CE300459DB0 /* MemoryGame.swift */,
				01496E8228A8509900459DB0 /* EmojiMemoryGame.swift */,
				011FFDDA28B62C7F00B4E63A /* AspectVGrid.swift */,
				01496E7428A70A6600459DB0 /* Assets.xcassets */,
				01496E7628A70A6600459DB0 /* Preview Content */,
			);
			path = Memorizer;
			sourceTree = "<group>";
		};
		01496E7628A70A6600459DB0 /* Preview Content */ = {
			isa = PBXGroup;
			children = (
				01496E7728A70A6600459DB0 /* Preview Assets.xcassets */,
			);
			path = "Preview Content";
			sourceTree = "<group>";
		};
/* End PBXGroup section */

/* Begin PBXNativeTarget section */
		01496E6C28A70A6400459DB0 /* Memorizer */ = {
			isa = PBXNativeTarget;
			buildConfigurationList = 01496E7B28A70A6600459DB0 /* Build configuration list for PBXNativeTarget "Memorizer" */;
			buildPhases = (
				01496E6928A70A6400459DB0 /* Sources */,
				01496E6A28A70A6400459DB0 /* Frameworks */,
				01496E6B28A70A6400459DB0 /* Resources */,
			);
			buildRules = (
			);
			dependencies = (
			);
			name = Memorizer;
			productName = Memorizer;
			productReference = 01496E6D28A70A6400459DB0 /* Memorizer.app */;
			productType = "com.apple.product-type.application";
		};
/* End PBXNativeTarget section */

/* Begin PBXProject section */
		01496E6528A70A6400459DB0 /* Project object */ = {
			isa = PBXProject;
			attributes = {
				BuildIndependentTargetsInParallel = 1;
				LastSwiftUpdateCheck = 1340;
				LastUpgradeCheck = 1340;
				TargetAttributes = {
					01496E6C28A70A6400459DB0 = {
						CreatedOnToolsVersion = 13.4.1;
					};
				};
			};
			buildConfigurationList = 01496E6828A70A6400459DB0 /* Build configuration list for PBXProject "Memorizer" */;
			compatibilityVersion = "Xcode 13.0";
			developmentRegion = en;
			hasScannedForEncodings = 0;
			knownRegions = (
				en,
				Base,
			);
			mainGroup = 01496E6428A70A6400459DB0;
			productRefGroup = 01496E6E28A70A6400459DB0 /* Products */;
			projectDirPath = "";
			projectRoot = "";
			targets = (
				01496E6C28A70A6400459DB0 /* Memorizer */,
			);
		};
/* End PBXProject section */

/* Begin PBXResourcesBuildPhase section */
		01496E6B28A70A6400459DB0 /* Resources */ = {
			isa = PBXResourcesBuildPhase;
			buildActionMask = 2147483647;
			files = (
				01496E7828A70A6600459DB0 /* Preview Assets.xcassets in Resources */,
				01496E7528A70A6600459DB0 /* Assets.xcassets in Resources */,
			);
			runOnlyForDeploymentPostprocessing = 0;
		};
/* End PBXResourcesBuildPhase section */

/* Begin PBXSourcesBuildPhase section */
		01496E6928A70A6400459DB0 /* Sources */ = {
			isa = PBXSourcesBuildPhase;
			buildActionMask = 2147483647;
			files = (
				018555AD28BB528600B7AF2C /* Pie.swift in Sources */,
				018555AF28BD1A1300B7AF2C /* Cardify.swift in Sources */,
				01496E7328A70A6500459DB0 /* EmojiMemoryGameView.swift in Sources */,
				01496E8128A84CE300459DB0 /* MemoryGame.swift in Sources */,
				01496E7128A70A6500459DB0 /* MemorizerApp.swift in Sources */,
				011FFDDB28B62C7F00B4E63A /* AspectVGrid.swift in Sources */,
				01496E8328A8509900459DB0 /* EmojiMemoryGame.swift in Sources */,
			);
			runOnlyForDeploymentPostprocessing = 0;
		};
/* End PBXSourcesBuildPhase section */

/* Begin XCBuildConfiguration section */
		01496E7928A70A6600459DB0 /* Debug */ = {
			isa = XCBuildConfiguration;
			buildSettings = {
				ALWAYS_SEARCH_USER_PATHS = NO;
				CLANG_ANALYZER_NONNULL = YES;
				CLANG_ANALYZER_NUMBER_OBJECT_CONVERSION = YES_AGGRESSIVE;
				CLANG_CXX_LANGUAGE_STANDARD = "gnu++17";
				CLANG_ENABLE_MODULES = YES;
				CLANG_ENABLE_OBJC_ARC = YES;
				CLANG_ENABLE_OBJC_WEAK = YES;
				CLANG_WARN_BLOCK_CAPTURE_AUTORELEASING = YES;
				CLANG_WARN_BOOL_CONVERSION = YES;
				CLANG_WARN_COMMA = YES;
				CLANG_WARN_CONSTANT_CONVERSION = YES;
				CLANG_WARN_DEPRECATED_OBJC_IMPLEMENTATIONS = YES;
				CLANG_WARN_DIRECT_OBJC_ISA_USAGE = YES_ERROR;
				CLANG_WARN_DOCUMENTATION_COMMENTS = YES;
				CLANG_WARN_EMPTY_BODY = YES;
				CLANG_WARN_ENUM_CONVERSION = YES;
				CLANG_WARN_INFINITE_RECURSION = YES;
				CLANG_WARN_INT_CONVERSION = YES;
				CLANG_WARN_NON_LITERAL_NULL_CONVERSION = YES;
				CLANG_WARN_OBJC_IMPLICIT_RETAIN_SELF = YES;
				CLANG_WARN_OBJC_LITERAL_CONVERSION = YES;
				CLANG_WARN_OBJC_ROOT_CLASS = YES_ERROR;
				CLANG_WARN_QUOTED_INCLUDE_IN_FRAMEWORK_HEADER = YES;
				CLANG_WARN_RANGE_LOOP_ANALYSIS = YES;
				CLANG_WARN_STRICT_PROTOTYPES = YES;
				CLANG_WARN_SUSPICIOUS_MOVE = YES;
				CLANG_WARN_UNGUARDED_AVAILABILITY = YES_AGGRESSIVE;
				CLANG_WARN_UNREACHABLE_CODE = YES;
				CLANG_WARN__DUPLICATE_METHOD_MATCH = YES;
				COPY_PHASE_STRIP = NO;
				DEBUG_INFORMATION_FORMAT = dwarf;
				ENABLE_STRICT_OBJC_MSGSEND = YES;
				ENABLE_TESTABILITY = YES;
				GCC_C_LANGUAGE_STANDARD = gnu11;
				GCC_DYNAMIC_NO_PIC = NO;
				GCC_NO_COMMON_BLOCKS = YES;
				GCC_OPTIMIZATION_LEVEL = 0;
				GCC_PREPROCESSOR_DEFINITIONS = (
					"DEBUG=1",
					"$(inherited)",
				);
				GCC_WARN_64_TO_32_BIT_CONVERSION = YES;
				GCC_WARN_ABOUT_RETURN_TYPE = YES_ERROR;
				GCC_WARN_UNDECLARED_SELECTOR = YES;
				GCC_WARN_UNINITIALIZED_AUTOS = YES_AGGRESSIVE;
				GCC_WARN_UNUSED_FUNCTION = YES;
				GCC_WARN_UNUSED_VARIABLE = YES;
				IPHONEOS_DEPLOYMENT_TARGET = 15.5;
				MTL_ENABLE_DEBUG_INFO = INCLUDE_SOURCE;
				MTL_FAST_MATH = YES;
				ONLY_ACTIVE_ARCH = YES;
				SDKROOT = iphoneos;
				SWIFT_ACTIVE_COMPILATION_CONDITIONS = DEBUG;
				SWIFT_OPTIMIZATION_LEVEL = "-Onone";
			};
			name = Debug;
		};
		01496E7A28A70A6600459DB0 /* Release */ = {
			isa = XCBuildConfiguration;
			buildSettings = {
				ALWAYS_SEARCH_USER_PATHS = NO;
				CLANG_ANALYZER_NONNULL = YES;
				CLANG_ANALYZER_NUMBER_OBJECT_CONVERSION = YES_AGGRESSIVE;
				CLANG_CXX_LANGUAGE_STANDARD = "gnu++17";
				CLANG_ENABLE_MODULES = YES;
				CLANG_ENABLE_OBJC_ARC = YES;
				CLANG_ENABLE_OBJC_WEAK = YES;
				CLANG_WARN_BLOCK_CAPTURE_AUTORELEASING = YES;
				CLANG_WARN_BOOL_CONVERSION = YES;
				CLANG_WARN_COMMA = YES;
				CLANG_WARN_CONSTANT_CONVERSION = YES;
				CLANG_WARN_DEPRECATED_OBJC_IMPLEMENTATIONS = YES;
				CLANG_WARN_DIRECT_OBJC_ISA_USAGE = YES_ERROR;
				CLANG_WARN_DOCUMENTATION_COMMENTS = YES;
				CLANG_WARN_EMPTY_BODY = YES;
				CLANG_WARN_ENUM_CONVERSION = YES;
				CLANG_WARN_INFINITE_RECURSION = YES;
				CLANG_WARN_INT_CONVERSION = YES;
				CLANG_WARN_NON_LITERAL_NULL_CONVERSION = YES;
				CLANG_WARN_OBJC_IMPLICIT_RETAIN_SELF = YES;
				CLANG_WARN_OBJC_LITERAL_CONVERSION = YES;
				CLANG_WARN_OBJC_ROOT_CLASS = YES_ERROR;
				CLANG_WARN_QUOTED_INCLUDE_IN_FRAMEWORK_HEADER = YES;
				CLANG_WARN_RANGE_LOOP_ANALYSIS = YES;
				CLANG_WARN_STRICT_PROTOTYPES = YES;
				CLANG_WARN_SUSPICIOUS_MOVE = YES;
				CLANG_WARN_UNGUARDED_AVAILABILITY = YES_AGGRESSIVE;
				CLANG_WARN_UNREACHABLE_CODE = YES;
				CLANG_WARN__DUPLICATE_METHOD_MATCH = YES;
				COPY_PHASE_STRIP = NO;
				DEBUG_INFORMATION_FORMAT = "dwarf-with-dsym";
				ENABLE_NS_ASSERTIONS = NO;
				ENABLE_STRICT_OBJC_MSGSEND = YES;
				GCC_C_LANGUAGE_STANDARD = gnu11;
				GCC_NO_COMMON_BLOCKS = YES;
				GCC_WARN_64_TO_32_BIT_CONVERSION = YES;
				GCC_WARN_ABOUT_RETURN_TYPE = YES_ERROR;
				GCC_WARN_UNDECLARED_SELECTOR = YES;
				GCC_WARN_UNINITIALIZED_AUTOS = YES_AGGRESSIVE;
				GCC_WARN_UNUSED_FUNCTION = YES;
				GCC_WARN_UNUSED_VARIABLE = YES;
				IPHONEOS_DEPLOYMENT_TARGET = 15.5;
				MTL_ENABLE_DEBUG_INFO = NO;
				MTL_FAST_MATH = YES;
				SDKROOT = iphoneos;
				SWIFT_COMPILATION_MODE = wholemodule;
				SWIFT_OPTIMIZATION_LEVEL = "-O";
				VALIDATE_PRODUCT = YES;
			};
			name = Release;
		};
		01496E7C28A70A6600459DB0 /* Debug */ = {
			isa = XCBuildConfiguration;
			buildSettings = {
				ASSETCATALOG_COMPILER_APPICON_NAME = AppIcon;
				ASSETCATALOG_COMPILER_GLOBAL_ACCENT_COLOR_NAME = AccentColor;
				CODE_SIGN_STYLE = Automatic;
				CURRENT_PROJECT_VERSION = 1;
				DEVELOPMENT_ASSET_PATHS = "\"Memorizer/Preview Content\"";
				DEVELOPMENT_TEAM = 9553YZB7F9;
				ENABLE_PREVIEWS = YES;
				GENERATE_INFOPLIST_FILE = YES;
				INFOPLIST_KEY_UIApplicationSceneManifest_Generation = YES;
				INFOPLIST_KEY_UIApplicationSupportsIndirectInputEvents = YES;
				INFOPLIST_KEY_UILaunchScreen_Generation = YES;
				INFOPLIST_KEY_UISupportedInterfaceOrientations_iPad = "UIInterfaceOrientationPortrait UIInterfaceOrientationPortraitUpsideDown UIInterfaceOrientationLandscapeLeft UIInterfaceOrientationLandscapeRight";
				INFOPLIST_KEY_UISupportedInterfaceOrientations_iPhone = "UIInterfaceOrientationPortrait UIInterfaceOrientationLandscapeLeft UIInterfaceOrientationLandscapeRight";
				LD_RUNPATH_SEARCH_PATHS = (
					"$(inherited)",
					"@executable_path/Frameworks",
				);
				MARKETING_VERSION = 1.0;
				PRODUCT_BUNDLE_IDENTIFIER = nad.Memorizer;
				PRODUCT_NAME = Memorizer;
				SWIFT_EMIT_LOC_STRINGS = YES;
				SWIFT_VERSION = 5.0;
				TARGETED_DEVICE_FAMILY = "1,2";
			};
			name = Debug;
		};
		01496E7D28A70A6600459DB0 /* Release */ = {
			isa = XCBuildConfiguration;
			buildSettings = {
				ASSETCATALOG_COMPILER_APPICON_NAME = AppIcon;
				ASSETCATALOG_COMPILER_GLOBAL_ACCENT_COLOR_NAME = AccentColor;
				CODE_SIGN_STYLE = Automatic;
				CURRENT_PROJECT_VERSION = 1;
				DEVELOPMENT_ASSET_PATHS = "\"Memorizer/Preview Content\"";
				DEVELOPMENT_TEAM = 9553YZB7F9;
				ENABLE_PREVIEWS = YES;
				GENERATE_INFOPLIST_FILE = YES;
				INFOPLIST_KEY_UIApplicationSceneManifest_Generation = YES;
				INFOPLIST_KEY_UIApplicationSupportsIndirectInputEvents = YES;
				INFOPLIST_KEY_UILaunchScreen_Generation = YES;
				INFOPLIST_KEY_UISupportedInterfaceOrientations_iPad = "UIInterfaceOrientationPortrait UIInterfaceOrientationPortraitUpsideDown UIInterfaceOrientationLandscapeLeft UIInterfaceOrientationLandscapeRight";
				INFOPLIST_KEY_UISupportedInterfaceOrientations_iPhone = "UIInterfaceOrientationPortrait UIInterfaceOrientationLandscapeLeft UIInterfaceOrientationLandscapeRight";
				LD_RUNPATH_SEARCH_PATHS = (
					"$(inherited)",
					"@executable_path/Frameworks",
				);
				MARKETING_VERSION = 1.0;
				PRODUCT_BUNDLE_IDENTIFIER = nad.Memorizer;
				PRODUCT_NAME = Memorizer;
				SWIFT_EMIT_LOC_STRINGS = YES;
				SWIFT_VERSION = 5.0;
				TARGETED_DEVICE_FAMILY = "1,2";
			};
			name = Release;
		};
/* End XCBuildConfiguration section */

/* Begin XCConfigurationList section */
		01496E6828A70A6400459DB0 /* Build configuration list for PBXProject "Memorizer" */ = {
			isa = XCConfigurationList;
			buildConfigurations = (
				01496E7928A70A6600459DB0 /* Debug */,
				01496E7A28A70A6600459DB0 /* Release */,
			);
			defaultConfigurationIsVisible = 0;
			defaultConfigurationName = Release;
		};
		01496E7B28A70A6600459DB0 /* Build configuration list for PBXNativeTarget "Memorizer" */ = {
			isa = XCConfigurationList;
			buildConfigurations = (
				01496E7C28A70A6600459DB0 /* Debug */,
				01496E7D28A70A6600459DB0 /* Release */,
			);
			defaultConfigurationIsVisible = 0;
			defaultConfigurationName = Release;
		};
/* End XCConfigurationList section */
	};
	rootObject = 01496E6528A70A6400459DB0 /* Project object */;
}
